
Microsoft Visual Studio Solution File, Format Version 12.00
# Visual Studio Version 17
VisualStudioVersion = 17.12.35728.132
MinimumVisualStudioVersion = 10.0.40219.1
Project("{2150E333-8FDC-42A3-9474-1A3956D46DE8}") = "Bootstrapper", "Bootstrapper", "{00869DCF-E5A0-4D0D-92AC-530F24A3DA79}"
EndProject
Project("{2150E333-8FDC-42A3-9474-1A3956D46DE8}") = "Modules", "Modules", "{5A26CEA7-0F4F-42A8-B840-6678F015E605}"
EndProject
Project("{2150E333-8FDC-42A3-9474-1A3956D46DE8}") = "Shared", "Shared", "{EE6CFF73-4794-4075-B236-C3B28C006374}"
EndProject
Project("{FAE04EC0-301F-11D3-BF4B-00C04F79EFBC}") = "Api", "Bootstrapper\Api\Api.csproj", "{665451B4-9E80-4039-960E-1E2B68742AD2}"
EndProject
Project("{2150E333-8FDC-42A3-9474-1A3956D46DE8}") = "Basket", "Basket", "{312CCA40-F6B5-4CD5-9EB6-895C96C6A7A9}"
EndProject
Project("{2150E333-8FDC-42A3-9474-1A3956D46DE8}") = "Ordering", "Ordering", "{C24C8D7C-9E57-4763-BE96-8BE7AE756C60}"
EndProject
Project("{2150E333-8FDC-42A3-9474-1A3956D46DE8}") = "Catalog", "Catalog", "{512ED7B9-5F48-46F3-8BEA-2A58F382573A}"
EndProject
Project("{FAE04EC0-301F-11D3-BF4B-00C04F79EFBC}") = "Basket", "Modules\Basket\Basket\Basket.csproj", "{159B2EDC-E5A6-487B-B1FC-EA48E5D3503E}"
EndProject
Project("{FAE04EC0-301F-11D3-BF4B-00C04F79EFBC}") = "Catalog", "Modules\Catalog\Catalog\Catalog.csproj", "{2D004185-5563-4A84-A62C-BF22A1ED78CF}"
EndProject
Project("{FAE04EC0-301F-11D3-BF4B-00C04F79EFBC}") = "Ordering", "Modules\Ordering\Ordering\Ordering.csproj", "{B3C1165D-306C-4E41-B6CB-23150289CEEC}"
EndProject
Project("{FAE04EC0-301F-11D3-BF4B-00C04F79EFBC}") = "Shared", "Shared\Shared\Shared.csproj", "{AAFE5A6D-113F-45EF-87F6-D1EFA0BE77C0}"
EndProject
Global
	GlobalSection(SolutionConfigurationPlatforms) = preSolution
		Debug|Any CPU = Debug|Any CPU
		Release|Any CPU = Release|Any CPU
	EndGlobalSection
	GlobalSection(ProjectConfigurationPlatforms) = postSolution
		{665451B4-9E80-4039-960E-1E2B68742AD2}.Debug|Any CPU.ActiveCfg = Debug|Any CPU
		{665451B4-9E80-4039-960E-1E2B68742AD2}.Debug|Any CPU.Build.0 = Debug|Any CPU
		{665451B4-9E80-4039-960E-1E2B68742AD2}.Release|Any CPU.ActiveCfg = Release|Any CPU
		{665451B4-9E80-4039-960E-1E2B68742AD2}.Release|Any CPU.Build.0 = Release|Any CPU
		{159B2EDC-E5A6-487B-B1FC-EA48E5D3503E}.Debug|Any CPU.ActiveCfg = Debug|Any CPU
		{159B2EDC-E5A6-487B-B1FC-EA48E5D3503E}.Debug|Any CPU.Build.0 = Debug|Any CPU
		{159B2EDC-E5A6-487B-B1FC-EA48E5D3503E}.Release|Any CPU.ActiveCfg = Release|Any CPU
		{159B2EDC-E5A6-487B-B1FC-EA48E5D3503E}.Release|Any CPU.Build.0 = Release|Any CPU
		{2D004185-5563-4A84-A62C-BF22A1ED78CF}.Debug|Any CPU.ActiveCfg = Debug|Any CPU
		{2D004185-5563-4A84-A62C-BF22A1ED78CF}.Debug|Any CPU.Build.0 = Debug|Any CPU
		{2D004185-5563-4A84-A62C-BF22A1ED78CF}.Release|Any CPU.ActiveCfg = Release|Any CPU
		{2D004185-5563-4A84-A62C-BF22A1ED78CF}.Release|Any CPU.Build.0 = Release|Any CPU
		{B3C1165D-306C-4E41-B6CB-23150289CEEC}.Debug|Any CPU.ActiveCfg = Debug|Any CPU
		{B3C1165D-306C-4E41-B6CB-23150289CEEC}.Debug|Any CPU.Build.0 = Debug|Any CPU
		{B3C1165D-306C-4E41-B6CB-23150289CEEC}.Release|Any CPU.ActiveCfg = Release|Any CPU
		{B3C1165D-306C-4E41-B6CB-23150289CEEC}.Release|Any CPU.Build.0 = Release|Any CPU
		{AAFE5A6D-113F-45EF-87F6-D1EFA0BE77C0}.Debug|Any CPU.ActiveCfg = Debug|Any CPU
		{AAFE5A6D-113F-45EF-87F6-D1EFA0BE77C0}.Debug|Any CPU.Build.0 = Debug|Any CPU
		{AAFE5A6D-113F-45EF-87F6-D1EFA0BE77C0}.Release|Any CPU.ActiveCfg = Release|Any CPU
		{AAFE5A6D-113F-45EF-87F6-D1EFA0BE77C0}.Release|Any CPU.Build.0 = Release|Any CPU
	EndGlobalSection
	GlobalSection(SolutionProperties) = preSolution
		HideSolutionNode = FALSE
	EndGlobalSection
	GlobalSection(NestedProjects) = preSolution
		{665451B4-9E80-4039-960E-1E2B68742AD2} = {00869DCF-E5A0-4D0D-92AC-530F24A3DA79}
		{312CCA40-F6B5-4CD5-9EB6-895C96C6A7A9} = {5A26CEA7-0F4F-42A8-B840-6678F015E605}
		{C24C8D7C-9E57-4763-BE96-8BE7AE756C60} = {5A26CEA7-0F4F-42A8-B840-6678F015E605}
		{512ED7B9-5F48-46F3-8BEA-2A58F382573A} = {5A26CEA7-0F4F-42A8-B840-6678F015E605}
		{159B2EDC-E5A6-487B-B1FC-EA48E5D3503E} = {312CCA40-F6B5-4CD5-9EB6-895C96C6A7A9}
		{2D004185-5563-4A84-A62C-BF22A1ED78CF} = {512ED7B9-5F48-46F3-8BEA-2A58F382573A}
		{B3C1165D-306C-4E41-B6CB-23150289CEEC} = {C24C8D7C-9E57-4763-BE96-8BE7AE756C60}
		{AAFE5A6D-113F-45EF-87F6-D1EFA0BE77C0} = {EE6CFF73-4794-4075-B236-C3B28C006374}
	EndGlobalSection
EndGlobal
